
Microsoft Visual Studio Solution File, Format Version 12.00
# Visual Studio 15
VisualStudioVersion = 15.0.28307.271
MinimumVisualStudioVersion = 10.0.40219.1
Project("{9A19103F-16F7-4668-BE54-9A1E7A4F7556}") = "Grocery.Domain", "src\Grocery.Domain\Grocery.Domain.csproj", "{3C044649-4EF2-4382-A218-F409E6D3B3E1}"
EndProject
Project("{9A19103F-16F7-4668-BE54-9A1E7A4F7556}") = "Grocery.Tests", "src\Grocery.Tests\Grocery.Tests.csproj", "{FB29373E-A390-414F-B61E-43CA28E55CD0}"
EndProject
Global
	GlobalSection(SolutionConfigurationPlatforms) = preSolution
		Debug|Any CPU = Debug|Any CPU
		Release|Any CPU = Release|Any CPU
	EndGlobalSection
	GlobalSection(ProjectConfigurationPlatforms) = postSolution
		{3C044649-4EF2-4382-A218-F409E6D3B3E1}.Debug|Any CPU.ActiveCfg = Debug|Any CPU
		{3C044649-4EF2-4382-A218-F409E6D3B3E1}.Debug|Any CPU.Build.0 = Debug|Any CPU
		{3C044649-4EF2-4382-A218-F409E6D3B3E1}.Release|Any CPU.ActiveCfg = Release|Any CPU
		{3C044649-4EF2-4382-A218-F409E6D3B3E1}.Release|Any CPU.Build.0 = Release|Any CPU
		{FB29373E-A390-414F-B61E-43CA28E55CD0}.Debug|Any CPU.ActiveCfg = Debug|Any CPU
		{FB29373E-A390-414F-B61E-43CA28E55CD0}.Debug|Any CPU.Build.0 = Debug|Any CPU
		{FB29373E-A390-414F-B61E-43CA28E55CD0}.Release|Any CPU.ActiveCfg = Release|Any CPU
		{FB29373E-A390-414F-B61E-43CA28E55CD0}.Release|Any CPU.Build.0 = Release|Any CPU
	EndGlobalSection
	GlobalSection(SolutionProperties) = preSolution
		HideSolutionNode = FALSE
	EndGlobalSection
	GlobalSection(ExtensibilityGlobals) = postSolution
		SolutionGuid = {C60111B1-31FD-4304-A20B-994717CD889B}
	EndGlobalSection
EndGlobal
